
Microsoft Visual Studio Solution File, Format Version 12.00
# Visual Studio Version 16
VisualStudioVersion = 16.0.30320.27
MinimumVisualStudioVersion = 10.0.40219.1
Project("{FAE04EC0-301F-11D3-BF4B-00C04F79EFBC}") = "LiberacaoCredito", "LiberacaoCredito\LiberacaoCredito.csproj", "{297E9767-F222-420C-8243-4E45CC23A9A3}"
EndProject
Global
	GlobalSection(SolutionConfigurationPlatforms) = preSolution
		Debug|Any CPU = Debug|Any CPU
		Release|Any CPU = Release|Any CPU
	EndGlobalSection
	GlobalSection(ProjectConfigurationPlatforms) = postSolution
		{297E9767-F222-420C-8243-4E45CC23A9A3}.Debug|Any CPU.ActiveCfg = Debug|Any CPU
		{297E9767-F222-420C-8243-4E45CC23A9A3}.Debug|Any CPU.Build.0 = Debug|Any CPU
		{297E9767-F222-420C-8243-4E45CC23A9A3}.Release|Any CPU.ActiveCfg = Release|Any CPU
		{297E9767-F222-420C-8243-4E45CC23A9A3}.Release|Any CPU.Build.0 = Release|Any CPU
	EndGlobalSection
	GlobalSection(SolutionProperties) = preSolution
		HideSolutionNode = FALSE
	EndGlobalSection
	GlobalSection(ExtensibilityGlobals) = postSolution
		SolutionGuid = {FEE85887-5733-4D11-A3F6-F5C72C939EBB}
	EndGlobalSection
EndGlobal
